
Microsoft Visual Studio Solution File, Format Version 12.00
# Visual Studio 15
VisualStudioVersion = 15.0.26430.15
MinimumVisualStudioVersion = 10.0.40219.1
Project("{FAE04EC0-301F-11D3-BF4B-00C04F79EFBC}") = "CICDNugetTest", "CICDNugetTest.csproj", "{5986F1AF-0C9E-4C66-8A8A-5B2B7C7DE1C8}"
EndProject
Project("{FAE04EC0-301F-11D3-BF4B-00C04F79EFBC}") = "CICDNugetTest.Tests", "..\CICDNugetTest.Tests\CICDNugetTest.Tests.csproj", "{70BC848E-64A2-42E3-9B6F-45DFA5121125}"
EndProject
Global
	GlobalSection(SolutionConfigurationPlatforms) = preSolution
		Debug|Any CPU = Debug|Any CPU
		Release|Any CPU = Release|Any CPU
	EndGlobalSection
	GlobalSection(ProjectConfigurationPlatforms) = postSolution
		{5986F1AF-0C9E-4C66-8A8A-5B2B7C7DE1C8}.Debug|Any CPU.ActiveCfg = Debug|Any CPU
		{5986F1AF-0C9E-4C66-8A8A-5B2B7C7DE1C8}.Debug|Any CPU.Build.0 = Debug|Any CPU
		{5986F1AF-0C9E-4C66-8A8A-5B2B7C7DE1C8}.Release|Any CPU.ActiveCfg = Release|Any CPU
		{5986F1AF-0C9E-4C66-8A8A-5B2B7C7DE1C8}.Release|Any CPU.Build.0 = Release|Any CPU
		{70BC848E-64A2-42E3-9B6F-45DFA5121125}.Debug|Any CPU.ActiveCfg = Debug|Any CPU
		{70BC848E-64A2-42E3-9B6F-45DFA5121125}.Debug|Any CPU.Build.0 = Debug|Any CPU
		{70BC848E-64A2-42E3-9B6F-45DFA5121125}.Release|Any CPU.ActiveCfg = Release|Any CPU
		{70BC848E-64A2-42E3-9B6F-45DFA5121125}.Release|Any CPU.Build.0 = Release|Any CPU
	EndGlobalSection
	GlobalSection(SolutionProperties) = preSolution
		HideSolutionNode = FALSE
	EndGlobalSection
EndGlobal
